// !$*UTF8*$!
{
	archiveVersion = 1;
	classes = {
	};
	objectVersion = 46;
	objects = {

/* Begin PBXBuildFile section */
		3A7A6AE29AF8AF8174DA5397 /* Pods_TappticTest.framework in Frameworks */ = {isa = PBXBuildFile; fileRef = 4EEF1BC710E5AAC2A0B09D0E /* Pods_TappticTest.framework */; };
		922FF4B41CFEE33100E98F65 /* AppDelegate.swift in Sources */ = {isa = PBXBuildFile; fileRef = 922FF4B31CFEE33100E98F65 /* AppDelegate.swift */; };
		922FF4B61CFEE33100E98F65 /* ViewController.swift in Sources */ = {isa = PBXBuildFile; fileRef = 922FF4B51CFEE33100E98F65 /* ViewController.swift */; };
		922FF4B91CFEE33100E98F65 /* Main.storyboard in Resources */ = {isa = PBXBuildFile; fileRef = 922FF4B71CFEE33100E98F65 /* Main.storyboard */; };
		922FF4BB1CFEE33100E98F65 /* Assets.xcassets in Resources */ = {isa = PBXBuildFile; fileRef = 922FF4BA1CFEE33100E98F65 /* Assets.xcassets */; };
		922FF4BE1CFEE33100E98F65 /* LaunchScreen.storyboard in Resources */ = {isa = PBXBuildFile; fileRef = 922FF4BC1CFEE33100E98F65 /* LaunchScreen.storyboard */; };
		922FF4CD1CFEE78900E98F65 /* TTDataCenter.swift in Sources */ = {isa = PBXBuildFile; fileRef = 922FF4CC1CFEE78900E98F65 /* TTDataCenter.swift */; };
/* End PBXBuildFile section */

/* Begin PBXFileReference section */
		4EEF1BC710E5AAC2A0B09D0E /* Pods_TappticTest.framework */ = {isa = PBXFileReference; explicitFileType = wrapper.framework; includeInIndex = 0; path = Pods_TappticTest.framework; sourceTree = BUILT_PRODUCTS_DIR; };
		922FF4B01CFEE33000E98F65 /* TappticTest.app */ = {isa = PBXFileReference; explicitFileType = wrapper.application; includeInIndex = 0; path = TappticTest.app; sourceTree = BUILT_PRODUCTS_DIR; };
		922FF4B31CFEE33100E98F65 /* AppDelegate.swift */ = {isa = PBXFileReference; lastKnownFileType = sourcecode.swift; path = AppDelegate.swift; sourceTree = "<group>"; };
		922FF4B51CFEE33100E98F65 /* ViewController.swift */ = {isa = PBXFileReference; lastKnownFileType = sourcecode.swift; path = ViewController.swift; sourceTree = "<group>"; };
		922FF4B81CFEE33100E98F65 /* Base */ = {isa = PBXFileReference; lastKnownFileType = file.storyboard; name = Base; path = Base.lproj/Main.storyboard; sourceTree = "<group>"; };
		922FF4BA1CFEE33100E98F65 /* Assets.xcassets */ = {isa = PBXFileReference; lastKnownFileType = folder.assetcatalog; path = Assets.xcassets; sourceTree = "<group>"; };
		922FF4BD1CFEE33100E98F65 /* Base */ = {isa = PBXFileReference; lastKnownFileType = file.storyboard; name = Base; path = Base.lproj/LaunchScreen.storyboard; sourceTree = "<group>"; };
		922FF4BF1CFEE33100E98F65 /* Info.plist */ = {isa = PBXFileReference; lastKnownFileType = text.plist.xml; path = Info.plist; sourceTree = "<group>"; };
		922FF4CC1CFEE78900E98F65 /* TTDataCenter.swift */ = {isa = PBXFileReference; fileEncoding = 4; lastKnownFileType = sourcecode.swift; path = TTDataCenter.swift; sourceTree = "<group>"; };
		D4835714DB7B23D3F3D59FF3 /* Pods-TappticTest.debug.xcconfig */ = {isa = PBXFileReference; includeInIndex = 1; lastKnownFileType = text.xcconfig; name = "Pods-TappticTest.debug.xcconfig"; path = "Pods/Target Support Files/Pods-TappticTest/Pods-TappticTest.debug.xcconfig"; sourceTree = "<group>"; };
		EFE82F1BAA500034CC456C6D /* Pods-TappticTest.release.xcconfig */ = {isa = PBXFileReference; includeInIndex = 1; lastKnownFileType = text.xcconfig; name = "Pods-TappticTest.release.xcconfig"; path = "Pods/Target Support Files/Pods-TappticTest/Pods-TappticTest.release.xcconfig"; sourceTree = "<group>"; };
/* End PBXFileReference section */

/* Begin PBXFrameworksBuildPhase section */
		922FF4AD1CFEE33000E98F65 /* Frameworks */ = {
			isa = PBXFrameworksBuildPhase;
			buildActionMask = 2147483647;
			files = (
				3A7A6AE29AF8AF8174DA5397 /* Pods_TappticTest.framework in Frameworks */,
			);
			runOnlyForDeploymentPostprocessing = 0;
		};
/* End PBXFrameworksBuildPhase section */

/* Begin PBXGroup section */
		5BF9BC2220C3A59B3E4A00C5 /* Pods */ = {
			isa = PBXGroup;
			children = (
				D4835714DB7B23D3F3D59FF3 /* Pods-TappticTest.debug.xcconfig */,
				EFE82F1BAA500034CC456C6D /* Pods-TappticTest.release.xcconfig */,
			);
			name = Pods;
			sourceTree = "<group>";
		};
		922FF4A71CFEE33000E98F65 = {
			isa = PBXGroup;
			children = (
				922FF4B21CFEE33100E98F65 /* TappticTest */,
				922FF4B11CFEE33000E98F65 /* Products */,
				5BF9BC2220C3A59B3E4A00C5 /* Pods */,
				A6112C0198DE3F12D2D17A57 /* Frameworks */,
			);
			sourceTree = "<group>";
		};
		922FF4B11CFEE33000E98F65 /* Products */ = {
			isa = PBXGroup;
			children = (
				922FF4B01CFEE33000E98F65 /* TappticTest.app */,
			);
			name = Products;
			sourceTree = "<group>";
		};
		922FF4B21CFEE33100E98F65 /* TappticTest */ = {
			isa = PBXGroup;
			children = (
				922FF4CB1CFEE77600E98F65 /* Utils */,
				922FF4C51CFEE58D00E98F65 /* SupportingFiles */,
				922FF4B51CFEE33100E98F65 /* ViewController.swift */,
				922FF4B71CFEE33100E98F65 /* Main.storyboard */,
			);
			path = TappticTest;
			sourceTree = "<group>";
		};
		922FF4C51CFEE58D00E98F65 /* SupportingFiles */ = {
			isa = PBXGroup;
			children = (
				922FF4B31CFEE33100E98F65 /* AppDelegate.swift */,
				922FF4BA1CFEE33100E98F65 /* Assets.xcassets */,
				922FF4BC1CFEE33100E98F65 /* LaunchScreen.storyboard */,
				922FF4BF1CFEE33100E98F65 /* Info.plist */,
			);
			name = SupportingFiles;
			sourceTree = "<group>";
		};
		922FF4CB1CFEE77600E98F65 /* Utils */ = {
			isa = PBXGroup;
			children = (
				922FF4CC1CFEE78900E98F65 /* TTDataCenter.swift */,
			);
			path = Utils;
			sourceTree = "<group>";
		};
		A6112C0198DE3F12D2D17A57 /* Frameworks */ = {
			isa = PBXGroup;
			children = (
				4EEF1BC710E5AAC2A0B09D0E /* Pods_TappticTest.framework */,
			);
			name = Frameworks;
			sourceTree = "<group>";
		};
/* End PBXGroup section */

/* Begin PBXNativeTarget section */
		922FF4AF1CFEE33000E98F65 /* TappticTest */ = {
			isa = PBXNativeTarget;
			buildConfigurationList = 922FF4C21CFEE33100E98F65 /* Build configuration list for PBXNativeTarget "TappticTest" */;
			buildPhases = (
				A9E944411B4E943143C0D6D8 /* 📦 Check Pods Manifest.lock */,
				922FF4AC1CFEE33000E98F65 /* Sources */,
				922FF4AD1CFEE33000E98F65 /* Frameworks */,
				922FF4AE1CFEE33000E98F65 /* Resources */,
				EB44A3BEA754DEACBF4FD383 /* 📦 Embed Pods Frameworks */,
				BA174E4F9E8BC0C708CD3601 /* 📦 Copy Pods Resources */,
			);
			buildRules = (
			);
			dependencies = (
			);
			name = TappticTest;
			productName = TappticTest;
			productReference = 922FF4B01CFEE33000E98F65 /* TappticTest.app */;
			productType = "com.apple.product-type.application";
		};
/* End PBXNativeTarget section */

/* Begin PBXProject section */
		922FF4A81CFEE33000E98F65 /* Project object */ = {
			isa = PBXProject;
			attributes = {
				CLASSPREFIX = TT;
				LastSwiftUpdateCheck = 0730;
				LastUpgradeCheck = 0730;
				ORGANIZATIONNAME = "Pawel Weglewski";
				TargetAttributes = {
					922FF4AF1CFEE33000E98F65 = {
						CreatedOnToolsVersion = 7.3;
					};
				};
			};
			buildConfigurationList = 922FF4AB1CFEE33000E98F65 /* Build configuration list for PBXProject "TappticTest" */;
			compatibilityVersion = "Xcode 3.2";
			developmentRegion = English;
			hasScannedForEncodings = 0;
			knownRegions = (
				en,
				Base,
			);
			mainGroup = 922FF4A71CFEE33000E98F65;
			productRefGroup = 922FF4B11CFEE33000E98F65 /* Products */;
			projectDirPath = "";
			projectRoot = "";
			targets = (
				922FF4AF1CFEE33000E98F65 /* TappticTest */,
			);
		};
/* End PBXProject section */

/* Begin PBXResourcesBuildPhase section */
		922FF4AE1CFEE33000E98F65 /* Resources */ = {
			isa = PBXResourcesBuildPhase;
			buildActionMask = 2147483647;
			files = (
				922FF4BE1CFEE33100E98F65 /* LaunchScreen.storyboard in Resources */,
				922FF4BB1CFEE33100E98F65 /* Assets.xcassets in Resources */,
				922FF4B91CFEE33100E98F65 /* Main.storyboard in Resources */,
			);
			runOnlyForDeploymentPostprocessing = 0;
		};
/* End PBXResourcesBuildPhase section */

/* Begin PBXShellScriptBuildPhase section */
		A9E944411B4E943143C0D6D8 /* 📦 Check Pods Manifest.lock */ = {
			isa = PBXShellScriptBuildPhase;
			buildActionMask = 2147483647;
			files = (
			);
			inputPaths = (
			);
			name = "📦 Check Pods Manifest.lock";
			outputPaths = (
			);
			runOnlyForDeploymentPostprocessing = 0;
			shellPath = /bin/sh;
			shellScript = "diff \"${PODS_ROOT}/../Podfile.lock\" \"${PODS_ROOT}/Manifest.lock\" > /dev/null\nif [[ $? != 0 ]] ; then\n    cat << EOM\nerror: The sandbox is not in sync with the Podfile.lock. Run 'pod install' or update your CocoaPods installation.\nEOM\n    exit 1\nfi\n";
			showEnvVarsInLog = 0;
		};
		BA174E4F9E8BC0C708CD3601 /* 📦 Copy Pods Resources */ = {
			isa = PBXShellScriptBuildPhase;
			buildActionMask = 2147483647;
			files = (
			);
			inputPaths = (
			);
			name = "📦 Copy Pods Resources";
			outputPaths = (
			);
			runOnlyForDeploymentPostprocessing = 0;
			shellPath = /bin/sh;
			shellScript = "\"${SRCROOT}/Pods/Target Support Files/Pods-TappticTest/Pods-TappticTest-resources.sh\"\n";
			showEnvVarsInLog = 0;
		};
		EB44A3BEA754DEACBF4FD383 /* 📦 Embed Pods Frameworks */ = {
			isa = PBXShellScriptBuildPhase;
			buildActionMask = 2147483647;
			files = (
			);
			inputPaths = (
			);
			name = "📦 Embed Pods Frameworks";
			outputPaths = (
			);
			runOnlyForDeploymentPostprocessing = 0;
			shellPath = /bin/sh;
			shellScript = "\"${SRCROOT}/Pods/Target Support Files/Pods-TappticTest/Pods-TappticTest-frameworks.sh\"\n";
			showEnvVarsInLog = 0;
		};
/* End PBXShellScriptBuildPhase section */

/* Begin PBXSourcesBuildPhase section */
		922FF4AC1CFEE33000E98F65 /* Sources */ = {
			isa = PBXSourcesBuildPhase;
			buildActionMask = 2147483647;
			files = (
				922FF4CD1CFEE78900E98F65 /* TTDataCenter.swift in Sources */,
				922FF4B61CFEE33100E98F65 /* ViewController.swift in Sources */,
				922FF4B41CFEE33100E98F65 /* AppDelegate.swift in Sources */,
			);
			runOnlyForDeploymentPostprocessing = 0;
		};
/* End PBXSourcesBuildPhase section */

/* Begin PBXVariantGroup section */
		922FF4B71CFEE33100E98F65 /* Main.storyboard */ = {
			isa = PBXVariantGroup;
			children = (
				922FF4B81CFEE33100E98F65 /* Base */,
			);
			name = Main.storyboard;
			sourceTree = "<group>";
		};
		922FF4BC1CFEE33100E98F65 /* LaunchScreen.storyboard */ = {
			isa = PBXVariantGroup;
			children = (
				922FF4BD1CFEE33100E98F65 /* Base */,
			);
			name = LaunchScreen.storyboard;
			sourceTree = "<group>";
		};
/* End PBXVariantGroup section */

/* Begin XCBuildConfiguration section */
		922FF4C01CFEE33100E98F65 /* Debug */ = {
			isa = XCBuildConfiguration;
			buildSettings = {
				ALWAYS_SEARCH_USER_PATHS = NO;
				CLANG_ANALYZER_NONNULL = YES;
				CLANG_CXX_LANGUAGE_STANDARD = "gnu++0x";
				CLANG_CXX_LIBRARY = "libc++";
				CLANG_ENABLE_MODULES = YES;
				CLANG_ENABLE_OBJC_ARC = YES;
				CLANG_WARN_BOOL_CONVERSION = YES;
				CLANG_WARN_CONSTANT_CONVERSION = YES;
				CLANG_WARN_DIRECT_OBJC_ISA_USAGE = YES_ERROR;
				CLANG_WARN_EMPTY_BODY = YES;
				CLANG_WARN_ENUM_CONVERSION = YES;
				CLANG_WARN_INT_CONVERSION = YES;
				CLANG_WARN_OBJC_ROOT_CLASS = YES_ERROR;
				CLANG_WARN_UNREACHABLE_CODE = YES;
				CLANG_WARN__DUPLICATE_METHOD_MATCH = YES;
				"CODE_SIGN_IDENTITY[sdk=iphoneos*]" = "iPhone Developer";
				COPY_PHASE_STRIP = NO;
				DEBUG_INFORMATION_FORMAT = dwarf;
				ENABLE_STRICT_OBJC_MSGSEND = YES;
				ENABLE_TESTABILITY = YES;
				GCC_C_LANGUAGE_STANDARD = gnu99;
				GCC_DYNAMIC_NO_PIC = NO;
				GCC_NO_COMMON_BLOCKS = YES;
				GCC_OPTIMIZATION_LEVEL = 0;
				GCC_PREPROCESSOR_DEFINITIONS = (
					"DEBUG=1",
					"$(inherited)",
				);
				GCC_WARN_64_TO_32_BIT_CONVERSION = YES;
				GCC_WARN_ABOUT_RETURN_TYPE = YES_ERROR;
				GCC_WARN_UNDECLARED_SELECTOR = YES;
				GCC_WARN_UNINITIALIZED_AUTOS = YES_AGGRESSIVE;
				GCC_WARN_UNUSED_FUNCTION = YES;
				GCC_WARN_UNUSED_VARIABLE = YES;
				IPHONEOS_DEPLOYMENT_TARGET = 9.3;
				MTL_ENABLE_DEBUG_INFO = YES;
				ONLY_ACTIVE_ARCH = YES;
				SDKROOT = iphoneos;
				SWIFT_OPTIMIZATION_LEVEL = "-Onone";
				TARGETED_DEVICE_FAMILY = "1,2";
			};
			name = Debug;
		};
		922FF4C11CFEE33100E98F65 /* Release */ = {
			isa = XCBuildConfiguration;
			buildSettings = {
				ALWAYS_SEARCH_USER_PATHS = NO;
				CLANG_ANALYZER_NONNULL = YES;
				CLANG_CXX_LANGUAGE_STANDARD = "gnu++0x";
				CLANG_CXX_LIBRARY = "libc++";
				CLANG_ENABLE_MODULES = YES;
				CLANG_ENABLE_OBJC_ARC = YES;
				CLANG_WARN_BOOL_CONVERSION = YES;
				CLANG_WARN_CONSTANT_CONVERSION = YES;
				CLANG_WARN_DIRECT_OBJC_ISA_USAGE = YES_ERROR;
				CLANG_WARN_EMPTY_BODY = YES;
				CLANG_WARN_ENUM_CONVERSION = YES;
				CLANG_WARN_INT_CONVERSION = YES;
				CLANG_WARN_OBJC_ROOT_CLASS = YES_ERROR;
				CLANG_WARN_UNREACHABLE_CODE = YES;
				CLANG_WARN__DUPLICATE_METHOD_MATCH = YES;
				"CODE_SIGN_IDENTITY[sdk=iphoneos*]" = "iPhone Developer";
				COPY_PHASE_STRIP = NO;
				DEBUG_INFORMATION_FORMAT = "dwarf-with-dsym";
				ENABLE_NS_ASSERTIONS = NO;
				ENABLE_STRICT_OBJC_MSGSEND = YES;
				GCC_C_LANGUAGE_STANDARD = gnu99;
				GCC_NO_COMMON_BLOCKS = YES;
				GCC_WARN_64_TO_32_BIT_CONVERSION = YES;
				GCC_WARN_ABOUT_RETURN_TYPE = YES_ERROR;
				GCC_WARN_UNDECLARED_SELECTOR = YES;
				GCC_WARN_UNINITIALIZED_AUTOS = YES_AGGRESSIVE;
				GCC_WARN_UNUSED_FUNCTION = YES;
				GCC_WARN_UNUSED_VARIABLE = YES;
				IPHONEOS_DEPLOYMENT_TARGET = 9.3;
				MTL_ENABLE_DEBUG_INFO = NO;
				SDKROOT = iphoneos;
				TARGETED_DEVICE_FAMILY = "1,2";
				VALIDATE_PRODUCT = YES;
			};
			name = Release;
		};
		922FF4C31CFEE33100E98F65 /* Debug */ = {
			isa = XCBuildConfiguration;
			baseConfigurationReference = D4835714DB7B23D3F3D59FF3 /* Pods-TappticTest.debug.xcconfig */;
			buildSettings = {
				ASSETCATALOG_COMPILER_APPICON_NAME = AppIcon;
				CLANG_ENABLE_MODULES = YES;
				INFOPLIST_FILE = TappticTest/Info.plist;
				IPHONEOS_DEPLOYMENT_TARGET = 8.0;
				LD_RUNPATH_SEARCH_PATHS = "$(inherited) @executable_path/Frameworks";
				PRODUCT_BUNDLE_IDENTIFIER = pweglewski.TappticTest;
				PRODUCT_NAME = "$(TARGET_NAME)";
				SWIFT_OPTIMIZATION_LEVEL = "-Onone";
			};
			name = Debug;
		};
		922FF4C41CFEE33100E98F65 /* Release */ = {
			isa = XCBuildConfiguration;
			baseConfigurationReference = EFE82F1BAA500034CC456C6D /* Pods-TappticTest.release.xcconfig */;
			buildSettings = {
				ASSETCATALOG_COMPILER_APPICON_NAME = AppIcon;
				CLANG_ENABLE_MODULES = YES;
				INFOPLIST_FILE = TappticTest/Info.plist;
				IPHONEOS_DEPLOYMENT_TARGET = 8.0;
				LD_RUNPATH_SEARCH_PATHS = "$(inherited) @executable_path/Frameworks";
				PRODUCT_BUNDLE_IDENTIFIER = pweglewski.TappticTest;
				PRODUCT_NAME = "$(TARGET_NAME)";
			};
			name = Release;
		};
/* End XCBuildConfiguration section */

/* Begin XCConfigurationList section */
		922FF4AB1CFEE33000E98F65 /* Build configuration list for PBXProject "TappticTest" */ = {
			isa = XCConfigurationList;
			buildConfigurations = (
				922FF4C01CFEE33100E98F65 /* Debug */,
				922FF4C11CFEE33100E98F65 /* Release */,
			);
			defaultConfigurationIsVisible = 0;
			defaultConfigurationName = Release;
		};
		922FF4C21CFEE33100E98F65 /* Build configuration list for PBXNativeTarget "TappticTest" */ = {
			isa = XCConfigurationList;
			buildConfigurations = (
				922FF4C31CFEE33100E98F65 /* Debug */,
				922FF4C41CFEE33100E98F65 /* Release */,
			);
			defaultConfigurationIsVisible = 0;
			defaultConfigurationName = Release;
		};
/* End XCConfigurationList section */
	};
	rootObject = 922FF4A81CFEE33000E98F65 /* Project object */;
}
